
Microsoft Visual Studio Solution File, Format Version 12.00
# Visual Studio Version 16
VisualStudioVersion = 16.0.30611.23
MinimumVisualStudioVersion = 10.0.40219.1
Project("{FAE04EC0-301F-11D3-BF4B-00C04F79EFBC}") = "SharePointProject1VSeida", "SharePointProject1VSeida\SharePointProject1VSeida.csproj", "{5B116AC8-0D3C-4190-B90A-034FF8CFC27B}"
EndProject
Global
	GlobalSection(SolutionConfigurationPlatforms) = preSolution
		Debug|Any CPU = Debug|Any CPU
		Release|Any CPU = Release|Any CPU
	EndGlobalSection
	GlobalSection(ProjectConfigurationPlatforms) = postSolution
		{5B116AC8-0D3C-4190-B90A-034FF8CFC27B}.Debug|Any CPU.ActiveCfg = Debug|Any CPU
		{5B116AC8-0D3C-4190-B90A-034FF8CFC27B}.Debug|Any CPU.Build.0 = Debug|Any CPU
		{5B116AC8-0D3C-4190-B90A-034FF8CFC27B}.Debug|Any CPU.Deploy.0 = Debug|Any CPU
		{5B116AC8-0D3C-4190-B90A-034FF8CFC27B}.Release|Any CPU.ActiveCfg = Release|Any CPU
		{5B116AC8-0D3C-4190-B90A-034FF8CFC27B}.Release|Any CPU.Build.0 = Release|Any CPU
		{5B116AC8-0D3C-4190-B90A-034FF8CFC27B}.Release|Any CPU.Deploy.0 = Release|Any CPU
	EndGlobalSection
	GlobalSection(SolutionProperties) = preSolution
		HideSolutionNode = FALSE
	EndGlobalSection
	GlobalSection(ExtensibilityGlobals) = postSolution
		SolutionGuid = {9282DCC6-94E5-4FA9-AE1F-07173B571246}
	EndGlobalSection
EndGlobal
